
Microsoft Visual Studio Solution File, Format Version 12.00
# Visual Studio Version 17
VisualStudioVersion = 17.7.34024.191
MinimumVisualStudioVersion = 10.0.40219.1
Project("{FAE04EC0-301F-11D3-BF4B-00C04F79EFBC}") = "123", "123.csproj", "{40D298D8-C8C9-4099-8CFA-A8F1BF366878}"
EndProject
Global
	GlobalSection(SolutionConfigurationPlatforms) = preSolution
		Debug|Any CPU = Debug|Any CPU
		Release|Any CPU = Release|Any CPU
	EndGlobalSection
	GlobalSection(ProjectConfigurationPlatforms) = postSolution
		{40D298D8-C8C9-4099-8CFA-A8F1BF366878}.Debug|Any CPU.ActiveCfg = Debug|Any CPU
		{40D298D8-C8C9-4099-8CFA-A8F1BF366878}.Debug|Any CPU.Build.0 = Debug|Any CPU
		{40D298D8-C8C9-4099-8CFA-A8F1BF366878}.Release|Any CPU.ActiveCfg = Release|Any CPU
		{40D298D8-C8C9-4099-8CFA-A8F1BF366878}.Release|Any CPU.Build.0 = Release|Any CPU
	EndGlobalSection
	GlobalSection(SolutionProperties) = preSolution
		HideSolutionNode = FALSE
	EndGlobalSection
	GlobalSection(ExtensibilityGlobals) = postSolution
		SolutionGuid = {FD9F79B8-F767-4B32-A9FF-076D22A70FDE}
	EndGlobalSection
EndGlobal
